{
  "name": "appFacturacionMirrortek",
  "requires": true,
  "lockfileVersion": 1,
  "dependencies": {
    "accepts": {
      "version": "https://registry.npmjs.org/accepts/-/accepts-1.3.4.tgz",
      "integrity": "sha1-hiRnWMfdbSGmR0/whKR0DsBesh8=",
      "requires": {
        "mime-types": "https://registry.npmjs.org/mime-types/-/mime-types-2.1.17.tgz",
        "negotiator": "https://registry.npmjs.org/negotiator/-/negotiator-0.6.1.tgz"
      }
    },
    "adler-32": {
      "version": "https://registry.npmjs.org/adler-32/-/adler-32-1.1.0.tgz",
      "integrity": "sha1-A1UaXH8O371PyPoSpoFJeOq2UcM=",
      "requires": {
        "exit-on-epipe": "https://registry.npmjs.org/exit-on-epipe/-/exit-on-epipe-1.0.1.tgz",
        "printj": "https://registry.npmjs.org/printj/-/printj-1.1.0.tgz"
      }
    },
    "arch": {
      "version": "https://registry.npmjs.org/arch/-/arch-2.1.0.tgz",
      "integrity": "sha1-NhOqRhSQZLPB8GB5Gb8dR4boKIk="
    },
    "archiver": {
      "version": "https://registry.npmjs.org/archiver/-/archiver-1.3.0.tgz",
      "integrity": "sha1-TyGU1tj5nfP1MeaIHxTxXVX6ryI=",
      "requires": {
        "archiver-utils": "https://registry.npmjs.org/archiver-utils/-/archiver-utils-1.3.0.tgz",
        "async": "https://registry.npmjs.org/async/-/async-2.6.0.tgz",
        "buffer-crc32": "https://registry.npmjs.org/buffer-crc32/-/buffer-crc32-0.2.13.tgz",
        "glob": "https://registry.npmjs.org/glob/-/glob-7.1.2.tgz",
        "lodash": "https://registry.npmjs.org/lodash/-/lodash-4.17.4.tgz",
        "readable-stream": "https://registry.npmjs.org/readable-stream/-/readable-stream-2.3.3.tgz",
        "tar-stream": "https://registry.npmjs.org/tar-stream/-/tar-stream-1.5.5.tgz",
        "walkdir": "https://registry.npmjs.org/walkdir/-/walkdir-0.0.11.tgz",
        "zip-stream": "https://registry.npmjs.org/zip-stream/-/zip-stream-1.2.0.tgz"
      }
    },
    "archiver-utils": {
      "version": "https://registry.npmjs.org/archiver-utils/-/archiver-utils-1.3.0.tgz",
      "integrity": "sha1-5QtMCccL89aA4y/xt5lOn52JUXQ=",
      "requires": {
        "glob": "https://registry.npmjs.org/glob/-/glob-7.1.2.tgz",
        "graceful-fs": "https://registry.npmjs.org/graceful-fs/-/graceful-fs-4.1.11.tgz",
        "lazystream": "https://registry.npmjs.org/lazystream/-/lazystream-1.0.0.tgz",
        "lodash": "https://registry.npmjs.org/lodash/-/lodash-4.17.4.tgz",
        "normalize-path": "https://registry.npmjs.org/normalize-path/-/normalize-path-2.1.1.tgz",
        "readable-stream": "https://registry.npmjs.org/readable-stream/-/readable-stream-2.3.3.tgz"
      }
    },
    "arguments-extended": {
      "version": "https://registry.npmjs.org/arguments-extended/-/arguments-extended-0.0.3.tgz",
      "integrity": "sha1-YQfkkX0OtvCk3WYyD8Fa/HLvSUY=",
      "requires": {
        "extended": "https://registry.npmjs.org/extended/-/extended-0.0.6.tgz",
        "is-extended": "https://registry.npmjs.org/is-extended/-/is-extended-0.0.10.tgz"
      }
    },
    "array-extended": {
      "version": "https://registry.npmjs.org/array-extended/-/array-extended-0.0.11.tgz",
      "integrity": "sha1-1xRK50jek8pybxIQCdv/FibRZL0=",
      "requires": {
        "arguments-extended": "https://registry.npmjs.org/arguments-extended/-/arguments-extended-0.0.3.tgz",
        "extended": "https://registry.npmjs.org/extended/-/extended-0.0.6.tgz",
        "is-extended": "https://registry.npmjs.org/is-extended/-/is-extended-0.0.10.tgz"
      }
    },
    "array-flatten": {
      "version": "https://registry.npmjs.org/array-flatten/-/array-flatten-1.1.1.tgz",
      "integrity": "sha1-ml9pkFGx5wczKPKgCJaLZOopVdI="
    },
    "async": {
      "version": "https://registry.npmjs.org/async/-/async-2.6.0.tgz",
      "integrity": "sha1-YaKau2/MAm/qd+VtHG7FOnlZUfQ=",
      "requires": {
        "lodash": "https://registry.npmjs.org/lodash/-/lodash-4.17.4.tgz"
      }
    },
    "balanced-match": {
      "version": "https://registry.npmjs.org/balanced-match/-/balanced-match-1.0.0.tgz",
      "integrity": "sha1-ibTRmasr7kneFk6gK4nORi1xt2c="
    },
    "big-js": {
      "version": "https://registry.npmjs.org/big-js/-/big-js-3.1.3.tgz",
      "integrity": "sha1-CI5zr9UVko3ZGX/C02SIORvDvDo="
    },
    "binary": {
      "version": "https://registry.npmjs.org/binary/-/binary-0.3.0.tgz",
      "integrity": "sha1-n2BVO8XOjDOG87VTz/R0Yq3sqnk=",
      "requires": {
        "buffers": "https://registry.npmjs.org/buffers/-/buffers-0.1.1.tgz",
        "chainsaw": "https://registry.npmjs.org/chainsaw/-/chainsaw-0.1.0.tgz"
      }
    },
    "bindings": {
      "version": "1.2.1",
      "resolved": "https://registry.npmjs.org/bindings/-/bindings-1.2.1.tgz",
      "integrity": "sha1-FK1hE4EtLTfXLme0ystLtyZQXxE="
    },
    "bl": {
      "version": "https://registry.npmjs.org/bl/-/bl-1.2.1.tgz",
      "integrity": "sha1-ysMo977kVzDUBLaSID/LWQ4XLV4=",
      "requires": {
        "readable-stream": "https://registry.npmjs.org/readable-stream/-/readable-stream-2.3.3.tgz"
      }
    },
    "body-parser": {
      "version": "https://registry.npmjs.org/body-parser/-/body-parser-1.18.2.tgz",
      "integrity": "sha1-h2eKGdhLR9hZuDGZvVm84iKxBFQ=",
      "requires": {
        "bytes": "https://registry.npmjs.org/bytes/-/bytes-3.0.0.tgz",
        "content-type": "https://registry.npmjs.org/content-type/-/content-type-1.0.4.tgz",
        "debug": "https://registry.npmjs.org/debug/-/debug-2.6.9.tgz",
        "depd": "https://registry.npmjs.org/depd/-/depd-1.1.2.tgz",
        "http-errors": "https://registry.npmjs.org/http-errors/-/http-errors-1.6.2.tgz",
        "iconv-lite": "https://registry.npmjs.org/iconv-lite/-/iconv-lite-0.4.19.tgz",
        "on-finished": "https://registry.npmjs.org/on-finished/-/on-finished-2.3.0.tgz",
        "qs": "https://registry.npmjs.org/qs/-/qs-6.5.1.tgz",
        "raw-body": "https://registry.npmjs.org/raw-body/-/raw-body-2.3.2.tgz",
        "type-is": "https://registry.npmjs.org/type-is/-/type-is-1.6.15.tgz"
      }
    },
    "brace-expansion": {
      "version": "https://registry.npmjs.org/brace-expansion/-/brace-expansion-1.1.8.tgz",
      "integrity": "sha1-wHshHHyVLsH479Uad+8NHTmQopI=",
      "requires": {
        "balanced-match": "https://registry.npmjs.org/balanced-match/-/balanced-match-1.0.0.tgz",
        "concat-map": "https://registry.npmjs.org/concat-map/-/concat-map-0.0.1.tgz"
      }
    },
    "buffer-crc32": {
      "version": "https://registry.npmjs.org/buffer-crc32/-/buffer-crc32-0.2.13.tgz",
      "integrity": "sha1-DTM+PwDqxQqhRUq9MO+MKl2ackI="
    },
    "buffers": {
      "version": "https://registry.npmjs.org/buffers/-/buffers-0.1.1.tgz",
      "integrity": "sha1-skV5w77U1tOWru5tmorn9Ugqt7s="
    },
    "bytes": {
      "version": "https://registry.npmjs.org/bytes/-/bytes-3.0.0.tgz",
      "integrity": "sha1-0ygVQE1olpn4Wk6k+odV3ROpYEg="
    },
    "cfb": {
      "version": "https://registry.npmjs.org/cfb/-/cfb-1.0.1.tgz",
      "integrity": "sha1-VXuyT2fa54gDeFoVldNlvILF+rQ=",
      "requires": {
        "commander": "https://registry.npmjs.org/commander/-/commander-2.13.0.tgz",
        "printj": "https://registry.npmjs.org/printj/-/printj-1.1.0.tgz"
      },
      "dependencies": {
        "commander": {
          "version": "https://registry.npmjs.org/commander/-/commander-2.13.0.tgz",
          "integrity": "sha1-aWS8pnaF33wfFDDFhPB9dZeIW5w="
        }
      }
    },
    "chainsaw": {
      "version": "https://registry.npmjs.org/chainsaw/-/chainsaw-0.1.0.tgz",
      "integrity": "sha1-XqtQsor+WAdNDVgpE4iCi15fvJg=",
      "requires": {
        "traverse": "https://registry.npmjs.org/traverse/-/traverse-0.3.9.tgz"
      }
    },
    "codepage": {
      "version": "https://registry.npmjs.org/codepage/-/codepage-1.11.1.tgz",
      "integrity": "sha1-hkcjl+pbLNuwe3cBalEkd6PLiCM=",
      "requires": {
        "commander": "https://registry.npmjs.org/commander/-/commander-2.11.0.tgz",
        "exit-on-epipe": "https://registry.npmjs.org/exit-on-epipe/-/exit-on-epipe-1.0.1.tgz",
        "voc": "https://registry.npmjs.org/voc/-/voc-1.0.0.tgz"
      }
    },
    "commander": {
      "version": "https://registry.npmjs.org/commander/-/commander-2.11.0.tgz",
      "integrity": "sha1-FXFS/R56bI2YpbcVzzdt+SgARWM="
    },
    "compress-commons": {
      "version": "https://registry.npmjs.org/compress-commons/-/compress-commons-1.2.2.tgz",
      "integrity": "sha1-UkqfEJA/OoEzibAiXSfEi7dRiQ8=",
      "requires": {
        "buffer-crc32": "https://registry.npmjs.org/buffer-crc32/-/buffer-crc32-0.2.13.tgz",
        "crc32-stream": "https://registry.npmjs.org/crc32-stream/-/crc32-stream-2.0.0.tgz",
        "normalize-path": "https://registry.npmjs.org/normalize-path/-/normalize-path-2.1.1.tgz",
        "readable-stream": "https://registry.npmjs.org/readable-stream/-/readable-stream-2.3.3.tgz"
      }
    },
    "concat-map": {
      "version": "https://registry.npmjs.org/concat-map/-/concat-map-0.0.1.tgz",
      "integrity": "sha1-2Klr13/Wjfd5OnMDajug1UBdR3s="
    },
    "content-disposition": {
      "version": "https://registry.npmjs.org/content-disposition/-/content-disposition-0.5.2.tgz",
      "integrity": "sha1-DPaLud318r55YcOoUXjLhdunjLQ="
    },
    "content-type": {
      "version": "https://registry.npmjs.org/content-type/-/content-type-1.0.4.tgz",
      "integrity": "sha1-4TjMdeBAxyexlm/l5fjJruJW/js="
    },
    "cookie": {
      "version": "https://registry.npmjs.org/cookie/-/cookie-0.3.1.tgz",
      "integrity": "sha1-5+Ch+e9DtMi6klxcWpboBtFoc7s="
    },
    "cookie-signature": {
      "version": "https://registry.npmjs.org/cookie-signature/-/cookie-signature-1.0.6.tgz",
      "integrity": "sha1-4wOogrNCzD7oylE6eZmXNNqzriw="
    },
    "core-js": {
      "version": "https://registry.npmjs.org/core-js/-/core-js-2.3.0.tgz",
      "integrity": "sha1-+rg/uwstjchfpjbEudNMdUIMbWU="
    },
    "core-util-is": {
      "version": "https://registry.npmjs.org/core-util-is/-/core-util-is-1.0.2.tgz",
      "integrity": "sha1-tf1UIgqivFq1eqtxQMlAdUUDwac="
    },
    "cors": {
      "version": "https://registry.npmjs.org/cors/-/cors-2.8.4.tgz",
      "integrity": "sha1-K9OB8usgECAQXNUOpZ2mMJBpRoY=",
      "requires": {
        "object-assign": "https://registry.npmjs.org/object-assign/-/object-assign-4.1.1.tgz",
        "vary": "https://registry.npmjs.org/vary/-/vary-1.1.2.tgz"
      }
    },
    "crc": {
      "version": "https://registry.npmjs.org/crc/-/crc-3.5.0.tgz",
      "integrity": "sha1-mLi6fUiWZbo5efWbITgTdBAaGWQ="
    },
    "crc-32": {
      "version": "https://registry.npmjs.org/crc-32/-/crc-32-1.1.1.tgz",
      "integrity": "sha1-XXOdXkxuNSrYME1zIj1IP+Va240=",
      "requires": {
        "exit-on-epipe": "https://registry.npmjs.org/exit-on-epipe/-/exit-on-epipe-1.0.1.tgz",
        "printj": "https://registry.npmjs.org/printj/-/printj-1.1.0.tgz"
      }
    },
    "crc32-stream": {
      "version": "https://registry.npmjs.org/crc32-stream/-/crc32-stream-2.0.0.tgz",
      "integrity": "sha1-483TtN8xaN10494/u8t7KX/pCPQ=",
      "requires": {
        "crc": "https://registry.npmjs.org/crc/-/crc-3.5.0.tgz",
        "readable-stream": "https://registry.npmjs.org/readable-stream/-/readable-stream-2.3.3.tgz"
      }
    },
    "cron": {
      "version": "https://registry.npmjs.org/cron/-/cron-1.3.0.tgz",
      "integrity": "sha1-fkWZaOr5ThpEW+eWzkAhZsI0ZZ0=",
      "requires": {
        "moment-timezone": "https://registry.npmjs.org/moment-timezone/-/moment-timezone-0.5.14.tgz"
      }
    },
    "date-extended": {
      "version": "https://registry.npmjs.org/date-extended/-/date-extended-0.0.6.tgz",
      "integrity": "sha1-I4AtV90b94GIE/4MMuhRqG2iZ8k=",
      "requires": {
        "array-extended": "https://registry.npmjs.org/array-extended/-/array-extended-0.0.11.tgz",
        "extended": "https://registry.npmjs.org/extended/-/extended-0.0.6.tgz",
        "is-extended": "https://registry.npmjs.org/is-extended/-/is-extended-0.0.10.tgz"
      }
    },
    "deasync": {
      "version": "0.1.12",
      "resolved": "https://registry.npmjs.org/deasync/-/deasync-0.1.12.tgz",
      "integrity": "sha512-gpacYo8FBZh3INBp2KOtrQp9kCO5faHvOmEZx3/cZTr3Mm8/kAYs7/Ws3E3OAH0ApBNK6Y6N+7+Dka2Zn2Fldw==",
      "requires": {
        "bindings": "1.2.1",
        "nan": "2.8.0"
      }
    },
    "debug": {
      "version": "https://registry.npmjs.org/debug/-/debug-2.6.9.tgz",
      "integrity": "sha1-XRKFFd8TT/Mn6QpMk/Tgd6U2NB8=",
      "requires": {
        "ms": "https://registry.npmjs.org/ms/-/ms-2.0.0.tgz"
      }
    },
    "declare.js": {
      "version": "https://registry.npmjs.org/declare.js/-/declare.js-0.0.8.tgz",
      "integrity": "sha1-BHit/5VkwAT1Hfc9i8E0AZ0o3N4="
    },
    "depd": {
      "version": "https://registry.npmjs.org/depd/-/depd-1.1.2.tgz",
      "integrity": "sha1-m81S4UwJd2PnSbJ0xDRu0uVgtak="
    },
    "destroy": {
      "version": "https://registry.npmjs.org/destroy/-/destroy-1.0.4.tgz",
      "integrity": "sha1-l4hXRCxEdJ5CBmE+N5RiBYJqvYA="
    },
    "ee-first": {
      "version": "https://registry.npmjs.org/ee-first/-/ee-first-1.1.1.tgz",
      "integrity": "sha1-WQxhFWsK4vTwJVcyoViyZrxWsh0="
    },
    "encodeurl": {
      "version": "https://registry.npmjs.org/encodeurl/-/encodeurl-1.0.1.tgz",
      "integrity": "sha1-eePVhlU0aQn+bw9Fpd5oEDspTSA="
    },
    "end-of-stream": {
      "version": "https://registry.npmjs.org/end-of-stream/-/end-of-stream-1.4.1.tgz",
      "integrity": "sha1-7SljTRm6ukY7bOa4CjchPqtx7EM=",
      "requires": {
        "once": "https://registry.npmjs.org/once/-/once-1.4.0.tgz"
      }
    },
    "es6-promise": {
      "version": "https://registry.npmjs.org/es6-promise/-/es6-promise-3.0.2.tgz",
      "integrity": "sha1-AQ1YWEI6XxGJeWZfRkhqlcbuK7Y="
    },
    "escape-html": {
      "version": "https://registry.npmjs.org/escape-html/-/escape-html-1.0.3.tgz",
      "integrity": "sha1-Aljq5NPQwJdN4cFpGI7wBR0dGYg="
    },
    "etag": {
      "version": "https://registry.npmjs.org/etag/-/etag-1.8.1.tgz",
      "integrity": "sha1-Qa4u62XvpiJorr/qg6x9eSmbCIc="
    },
    "exceljs": {
      "version": "https://registry.npmjs.org/exceljs/-/exceljs-0.8.1.tgz",
      "integrity": "sha1-h974RclggNPZDD1EIxHVMXCYqD4=",
      "requires": {
        "archiver": "https://registry.npmjs.org/archiver/-/archiver-1.3.0.tgz",
        "fast-csv": "https://registry.npmjs.org/fast-csv/-/fast-csv-2.4.1.tgz",
        "jszip": "https://registry.npmjs.org/jszip/-/jszip-3.1.3.tgz",
        "moment": "https://registry.npmjs.org/moment/-/moment-2.19.3.tgz",
        "promish": "https://registry.npmjs.org/promish/-/promish-5.0.2.tgz",
        "sax": "https://registry.npmjs.org/sax/-/sax-1.2.4.tgz",
        "unzip2": "https://registry.npmjs.org/unzip2/-/unzip2-0.2.5.tgz"
      },
      "dependencies": {
        "moment": {
          "version": "https://registry.npmjs.org/moment/-/moment-2.19.3.tgz",
          "integrity": "sha1-vbmdJw1tf9p4zA+6zoVeJ/59pp8="
        }
      }
    },
    "exit-on-epipe": {
      "version": "https://registry.npmjs.org/exit-on-epipe/-/exit-on-epipe-1.0.1.tgz",
      "integrity": "sha1-C92S6H1ShdJn2qgXHQ6wYVlolpI="
    },
    "express": {
      "version": "https://registry.npmjs.org/express/-/express-4.16.2.tgz",
      "integrity": "sha1-41xt/i1kt9ygpc1PIXgb4ymeB2w=",
      "requires": {
        "accepts": "https://registry.npmjs.org/accepts/-/accepts-1.3.4.tgz",
        "array-flatten": "https://registry.npmjs.org/array-flatten/-/array-flatten-1.1.1.tgz",
        "body-parser": "https://registry.npmjs.org/body-parser/-/body-parser-1.18.2.tgz",
        "content-disposition": "https://registry.npmjs.org/content-disposition/-/content-disposition-0.5.2.tgz",
        "content-type": "https://registry.npmjs.org/content-type/-/content-type-1.0.4.tgz",
        "cookie": "https://registry.npmjs.org/cookie/-/cookie-0.3.1.tgz",
        "cookie-signature": "https://registry.npmjs.org/cookie-signature/-/cookie-signature-1.0.6.tgz",
        "debug": "https://registry.npmjs.org/debug/-/debug-2.6.9.tgz",
        "depd": "https://registry.npmjs.org/depd/-/depd-1.1.2.tgz",
        "encodeurl": "https://registry.npmjs.org/encodeurl/-/encodeurl-1.0.1.tgz",
        "escape-html": "https://registry.npmjs.org/escape-html/-/escape-html-1.0.3.tgz",
        "etag": "https://registry.npmjs.org/etag/-/etag-1.8.1.tgz",
        "finalhandler": "https://registry.npmjs.org/finalhandler/-/finalhandler-1.1.0.tgz",
        "fresh": "https://registry.npmjs.org/fresh/-/fresh-0.5.2.tgz",
        "merge-descriptors": "https://registry.npmjs.org/merge-descriptors/-/merge-descriptors-1.0.1.tgz",
        "methods": "https://registry.npmjs.org/methods/-/methods-1.1.2.tgz",
        "on-finished": "https://registry.npmjs.org/on-finished/-/on-finished-2.3.0.tgz",
        "parseurl": "https://registry.npmjs.org/parseurl/-/parseurl-1.3.2.tgz",
        "path-to-regexp": "https://registry.npmjs.org/path-to-regexp/-/path-to-regexp-0.1.7.tgz",
        "proxy-addr": "https://registry.npmjs.org/proxy-addr/-/proxy-addr-2.0.2.tgz",
        "qs": "https://registry.npmjs.org/qs/-/qs-6.5.1.tgz",
        "range-parser": "https://registry.npmjs.org/range-parser/-/range-parser-1.2.0.tgz",
        "safe-buffer": "https://registry.npmjs.org/safe-buffer/-/safe-buffer-5.1.1.tgz",
        "send": "https://registry.npmjs.org/send/-/send-0.16.1.tgz",
        "serve-static": "https://registry.npmjs.org/serve-static/-/serve-static-1.13.1.tgz",
        "setprototypeof": "https://registry.npmjs.org/setprototypeof/-/setprototypeof-1.1.0.tgz",
        "statuses": "https://registry.npmjs.org/statuses/-/statuses-1.3.1.tgz",
        "type-is": "https://registry.npmjs.org/type-is/-/type-is-1.6.15.tgz",
        "utils-merge": "https://registry.npmjs.org/utils-merge/-/utils-merge-1.0.1.tgz",
        "vary": "https://registry.npmjs.org/vary/-/vary-1.1.2.tgz"
      }
    },
    "extended": {
      "version": "https://registry.npmjs.org/extended/-/extended-0.0.6.tgz",
      "integrity": "sha1-f7i/e52uOXWG5IVwrP1kLHjlBmk=",
      "requires": {
        "extender": "https://registry.npmjs.org/extender/-/extender-0.0.10.tgz"
      }
    },
    "extender": {
      "version": "https://registry.npmjs.org/extender/-/extender-0.0.10.tgz",
      "integrity": "sha1-WJwHSCvmGhRgttgfnCSqZ+jzJM0=",
      "requires": {
        "declare.js": "https://registry.npmjs.org/declare.js/-/declare.js-0.0.8.tgz"
      }
    },
    "fast-csv": {
      "version": "https://registry.npmjs.org/fast-csv/-/fast-csv-2.4.1.tgz",
      "integrity": "sha1-vX3SaDkfcpNntZRFuN0K0CaIGyY=",
      "requires": {
        "extended": "https://registry.npmjs.org/extended/-/extended-0.0.6.tgz",
        "is-extended": "https://registry.npmjs.org/is-extended/-/is-extended-0.0.10.tgz",
        "object-extended": "https://registry.npmjs.org/object-extended/-/object-extended-0.0.7.tgz",
        "string-extended": "https://registry.npmjs.org/string-extended/-/string-extended-0.0.8.tgz"
      }
    },
    "finalhandler": {
      "version": "https://registry.npmjs.org/finalhandler/-/finalhandler-1.1.0.tgz",
      "integrity": "sha1-zgtoVbRYU+eRsvzGgARtiCU91/U=",
      "requires": {
        "debug": "https://registry.npmjs.org/debug/-/debug-2.6.9.tgz",
        "encodeurl": "https://registry.npmjs.org/encodeurl/-/encodeurl-1.0.1.tgz",
        "escape-html": "https://registry.npmjs.org/escape-html/-/escape-html-1.0.3.tgz",
        "on-finished": "https://registry.npmjs.org/on-finished/-/on-finished-2.3.0.tgz",
        "parseurl": "https://registry.npmjs.org/parseurl/-/parseurl-1.3.2.tgz",
        "statuses": "https://registry.npmjs.org/statuses/-/statuses-1.3.1.tgz",
        "unpipe": "https://registry.npmjs.org/unpipe/-/unpipe-1.0.0.tgz"
      }
    },
    "forwarded": {
      "version": "https://registry.npmjs.org/forwarded/-/forwarded-0.1.2.tgz",
      "integrity": "sha1-mMI9qxF1ZXuMBXPozszZGw/xjIQ="
    },
    "frac": {
      "version": "https://registry.npmjs.org/frac/-/frac-1.1.0.tgz",
      "integrity": "sha1-3EN+nGpka2CxJ9gqxJAkZERcweM=",
      "requires": {
        "voc": "https://registry.npmjs.org/voc/-/voc-1.0.0.tgz"
      }
    },
    "fresh": {
      "version": "https://registry.npmjs.org/fresh/-/fresh-0.5.2.tgz",
      "integrity": "sha1-PYyt2Q2XZWn6g1qx+OSyOhBWBac="
    },
    "fs.realpath": {
      "version": "https://registry.npmjs.org/fs.realpath/-/fs.realpath-1.0.0.tgz",
      "integrity": "sha1-FQStJSMVjKpA20onh8sBQRmU6k8="
    },
    "fstream": {
      "version": "https://registry.npmjs.org/fstream/-/fstream-0.1.31.tgz",
      "integrity": "sha1-czfwWPu7vvqMn1YaKMqwhJICyYg=",
      "requires": {
        "graceful-fs": "https://registry.npmjs.org/graceful-fs/-/graceful-fs-3.0.11.tgz",
        "inherits": "https://registry.npmjs.org/inherits/-/inherits-2.0.3.tgz",
        "mkdirp": "https://registry.npmjs.org/mkdirp/-/mkdirp-0.5.1.tgz",
        "rimraf": "https://registry.npmjs.org/rimraf/-/rimraf-2.6.2.tgz"
      },
      "dependencies": {
        "graceful-fs": {
          "version": "https://registry.npmjs.org/graceful-fs/-/graceful-fs-3.0.11.tgz",
          "integrity": "sha1-dhPHeKGv6mLyXGMKCG1/Osu92Bg=",
          "requires": {
            "natives": "https://registry.npmjs.org/natives/-/natives-1.1.1.tgz"
          }
        }
      }
    },
    "glob": {
      "version": "https://registry.npmjs.org/glob/-/glob-7.1.2.tgz",
      "integrity": "sha1-wZyd+aAocC1nhhI4SmVSQExjbRU=",
      "requires": {
        "fs.realpath": "https://registry.npmjs.org/fs.realpath/-/fs.realpath-1.0.0.tgz",
        "inflight": "https://registry.npmjs.org/inflight/-/inflight-1.0.6.tgz",
        "inherits": "https://registry.npmjs.org/inherits/-/inherits-2.0.3.tgz",
        "minimatch": "https://registry.npmjs.org/minimatch/-/minimatch-3.0.4.tgz",
        "once": "https://registry.npmjs.org/once/-/once-1.4.0.tgz",
        "path-is-absolute": "https://registry.npmjs.org/path-is-absolute/-/path-is-absolute-1.0.1.tgz"
      }
    },
    "graceful-fs": {
      "version": "https://registry.npmjs.org/graceful-fs/-/graceful-fs-4.1.11.tgz",
      "integrity": "sha1-Dovf5NHduIVNZOBOp8AOKgJuVlg="
    },
    "hashmap": {
      "version": "https://registry.npmjs.org/hashmap/-/hashmap-2.3.0.tgz",
      "integrity": "sha1-sT+2XafIul49uPwbjFuh0ASdryI="
    },
    "http-errors": {
      "version": "https://registry.npmjs.org/http-errors/-/http-errors-1.6.2.tgz",
      "integrity": "sha1-CgAsyFcHGSp+eUbO7cERVfYOxzY=",
      "requires": {
        "depd": "https://registry.npmjs.org/depd/-/depd-1.1.1.tgz",
        "inherits": "https://registry.npmjs.org/inherits/-/inherits-2.0.3.tgz",
        "setprototypeof": "https://registry.npmjs.org/setprototypeof/-/setprototypeof-1.0.3.tgz",
        "statuses": "https://registry.npmjs.org/statuses/-/statuses-1.3.1.tgz"
      },
      "dependencies": {
        "depd": {
          "version": "https://registry.npmjs.org/depd/-/depd-1.1.1.tgz",
          "integrity": "sha1-V4O04cRZ8G+lyif5kfPQbnoxA1k="
        },
        "setprototypeof": {
          "version": "https://registry.npmjs.org/setprototypeof/-/setprototypeof-1.0.3.tgz",
          "integrity": "sha1-ZlZ+NwQ+608E2RvWWMDL77VbjgQ="
        }
      }
    },
    "iconv-lite": {
      "version": "https://registry.npmjs.org/iconv-lite/-/iconv-lite-0.4.19.tgz",
      "integrity": "sha1-90aPYBNfXl2tM5nAqBvpoWA6CCs="
    },
    "immediate": {
      "version": "https://registry.npmjs.org/immediate/-/immediate-3.0.6.tgz",
      "integrity": "sha1-nbHb0Pr43m++D13V5Wu2BigN5ps="
    },
    "inflight": {
      "version": "https://registry.npmjs.org/inflight/-/inflight-1.0.6.tgz",
      "integrity": "sha1-Sb1jMdfQLQwJvJEKEHW6gWW1bfk=",
      "requires": {
        "once": "https://registry.npmjs.org/once/-/once-1.4.0.tgz",
        "wrappy": "https://registry.npmjs.org/wrappy/-/wrappy-1.0.2.tgz"
      }
    },
    "inherits": {
      "version": "https://registry.npmjs.org/inherits/-/inherits-2.0.3.tgz",
      "integrity": "sha1-Yzwsg+PaQqUC9SRmAiSA9CCCYd4="
    },
    "ipaddr.js": {
      "version": "https://registry.npmjs.org/ipaddr.js/-/ipaddr.js-1.5.2.tgz",
      "integrity": "sha1-1LUFvemUaYfM8PxY2QEP+WB+P6A="
    },
    "is-extended": {
      "version": "https://registry.npmjs.org/is-extended/-/is-extended-0.0.10.tgz",
      "integrity": "sha1-JE4UDfdbscmjEG9BL/GC+1NKbWI=",
      "requires": {
        "extended": "https://registry.npmjs.org/extended/-/extended-0.0.6.tgz"
      }
    },
    "isarray": {
      "version": "https://registry.npmjs.org/isarray/-/isarray-1.0.0.tgz",
      "integrity": "sha1-u5NdSFgsuhaMBoNJV6VKPgcSTxE="
    },
    "jszip": {
      "version": "https://registry.npmjs.org/jszip/-/jszip-3.1.3.tgz",
      "integrity": "sha1-ipIEA7KxZRwPwSa+kBktkICVfDc=",
      "requires": {
        "core-js": "https://registry.npmjs.org/core-js/-/core-js-2.3.0.tgz",
        "es6-promise": "https://registry.npmjs.org/es6-promise/-/es6-promise-3.0.2.tgz",
        "lie": "https://registry.npmjs.org/lie/-/lie-3.1.1.tgz",
        "pako": "https://registry.npmjs.org/pako/-/pako-1.0.6.tgz",
        "readable-stream": "https://registry.npmjs.org/readable-stream/-/readable-stream-2.0.6.tgz"
      },
      "dependencies": {
        "readable-stream": {
          "version": "https://registry.npmjs.org/readable-stream/-/readable-stream-2.0.6.tgz",
          "integrity": "sha1-j5A0HmilPMySh4jaz80Rs265t44=",
          "requires": {
            "core-util-is": "https://registry.npmjs.org/core-util-is/-/core-util-is-1.0.2.tgz",
            "inherits": "https://registry.npmjs.org/inherits/-/inherits-2.0.3.tgz",
            "isarray": "https://registry.npmjs.org/isarray/-/isarray-1.0.0.tgz",
            "process-nextick-args": "https://registry.npmjs.org/process-nextick-args/-/process-nextick-args-1.0.7.tgz",
            "string_decoder": "https://registry.npmjs.org/string_decoder/-/string_decoder-0.10.31.tgz",
            "util-deprecate": "https://registry.npmjs.org/util-deprecate/-/util-deprecate-1.0.2.tgz"
          }
        },
        "string_decoder": {
          "version": "https://registry.npmjs.org/string_decoder/-/string_decoder-0.10.31.tgz",
          "integrity": "sha1-YuIDvEF2bGwoyfyEMB2rHFMQ+pQ="
        }
      }
    },
    "lazystream": {
      "version": "https://registry.npmjs.org/lazystream/-/lazystream-1.0.0.tgz",
      "integrity": "sha1-9plf4PggOS9hOWvolGJAe7dxaOQ=",
      "requires": {
        "readable-stream": "https://registry.npmjs.org/readable-stream/-/readable-stream-2.3.3.tgz"
      }
    },
    "lie": {
      "version": "https://registry.npmjs.org/lie/-/lie-3.1.1.tgz",
      "integrity": "sha1-mkNrLMd0bKWd56QfpGmz77dr2H4=",
      "requires": {
        "immediate": "https://registry.npmjs.org/immediate/-/immediate-3.0.6.tgz"
      }
    },
    "lodash": {
      "version": "https://registry.npmjs.org/lodash/-/lodash-4.17.4.tgz",
      "integrity": "sha1-eCA6TRwyiuHYbcpkYONptX9AVa4="
    },
    "match-stream": {
      "version": "https://registry.npmjs.org/match-stream/-/match-stream-0.0.2.tgz",
      "integrity": "sha1-mesFAJOzTf+t5CG5rAtBCpz6F88=",
      "requires": {
        "buffers": "https://registry.npmjs.org/buffers/-/buffers-0.1.1.tgz",
        "readable-stream": "https://registry.npmjs.org/readable-stream/-/readable-stream-1.0.34.tgz"
      },
      "dependencies": {
        "isarray": {
          "version": "https://registry.npmjs.org/isarray/-/isarray-0.0.1.tgz",
          "integrity": "sha1-ihis/Kmo9Bd+Cav8YDiTmwXR7t8="
        },
        "readable-stream": {
          "version": "https://registry.npmjs.org/readable-stream/-/readable-stream-1.0.34.tgz",
          "integrity": "sha1-Elgg40vIQtLyqq+v5MKRbuMsFXw=",
          "requires": {
            "core-util-is": "https://registry.npmjs.org/core-util-is/-/core-util-is-1.0.2.tgz",
            "inherits": "https://registry.npmjs.org/inherits/-/inherits-2.0.3.tgz",
            "isarray": "https://registry.npmjs.org/isarray/-/isarray-0.0.1.tgz",
            "string_decoder": "https://registry.npmjs.org/string_decoder/-/string_decoder-0.10.31.tgz"
          }
        },
        "string_decoder": {
          "version": "https://registry.npmjs.org/string_decoder/-/string_decoder-0.10.31.tgz",
          "integrity": "sha1-YuIDvEF2bGwoyfyEMB2rHFMQ+pQ="
        }
      }
    },
    "media-typer": {
      "version": "https://registry.npmjs.org/media-typer/-/media-typer-0.3.0.tgz",
      "integrity": "sha1-hxDXrwqmJvj/+hzgAWhUUmMlV0g="
    },
    "merge-descriptors": {
      "version": "https://registry.npmjs.org/merge-descriptors/-/merge-descriptors-1.0.1.tgz",
      "integrity": "sha1-sAqqVW3YtEVoFQ7J0blT8/kMu2E="
    },
    "methods": {
      "version": "https://registry.npmjs.org/methods/-/methods-1.1.2.tgz",
      "integrity": "sha1-VSmk1nZUE07cxSZmVoNbD4Ua/O4="
    },
    "mime": {
      "version": "https://registry.npmjs.org/mime/-/mime-1.4.1.tgz",
      "integrity": "sha1-Eh+evEnjdm8xGnbh+hyAA8SwOqY="
    },
    "mime-db": {
      "version": "https://registry.npmjs.org/mime-db/-/mime-db-1.30.0.tgz",
      "integrity": "sha1-dMZD2i3Z1qRTmZY0ZbJtXKfXHwE="
    },
    "mime-types": {
      "version": "https://registry.npmjs.org/mime-types/-/mime-types-2.1.17.tgz",
      "integrity": "sha1-Cdejk/A+mVp5+K+Fe3Cp4KsWVXo=",
      "requires": {
        "mime-db": "https://registry.npmjs.org/mime-db/-/mime-db-1.30.0.tgz"
      }
    },
    "minimatch": {
      "version": "https://registry.npmjs.org/minimatch/-/minimatch-3.0.4.tgz",
      "integrity": "sha1-UWbihkV/AzBgZL5Ul+jbsMPTIIM=",
      "requires": {
        "brace-expansion": "https://registry.npmjs.org/brace-expansion/-/brace-expansion-1.1.8.tgz"
      }
    },
    "minimist": {
      "version": "https://registry.npmjs.org/minimist/-/minimist-0.0.8.tgz",
      "integrity": "sha1-hX/Kv8M5fSYluCKCYuhqp6ARsF0="
    },
    "mkdirp": {
      "version": "https://registry.npmjs.org/mkdirp/-/mkdirp-0.5.1.tgz",
      "integrity": "sha1-MAV0OOrGz3+MR2fzhkjWaX11yQM=",
      "requires": {
        "minimist": "https://registry.npmjs.org/minimist/-/minimist-0.0.8.tgz"
      }
    },
    "moment": {
      "version": "https://registry.npmjs.org/moment/-/moment-2.20.1.tgz",
      "integrity": "sha1-1usaRsvMFKKy+UNBEsH/iQfzE/0="
    },
    "moment-timezone": {
      "version": "https://registry.npmjs.org/moment-timezone/-/moment-timezone-0.5.14.tgz",
      "integrity": "sha1-TrOP+VOLgBCLpGekWPPtQmjM/LE=",
      "requires": {
        "moment": "https://registry.npmjs.org/moment/-/moment-2.20.1.tgz"
      }
    },
    "ms": {
      "version": "https://registry.npmjs.org/ms/-/ms-2.0.0.tgz",
      "integrity": "sha1-VgiurfwAvmwpAd9fmGF4jeDVl8g="
    },
    "nan": {
      "version": "2.8.0",
      "resolved": "https://registry.npmjs.org/nan/-/nan-2.8.0.tgz",
      "integrity": "sha1-7XFfP+neArV6XmJS2QqWZ14fCFo="
    },
    "natives": {
      "version": "https://registry.npmjs.org/natives/-/natives-1.1.1.tgz",
      "integrity": "sha1-ARrM4ffL2H97prMJPWzZOSvhxXQ="
    },
    "negotiator": {
      "version": "https://registry.npmjs.org/negotiator/-/negotiator-0.6.1.tgz",
      "integrity": "sha1-KzJxhOiZIQEXeyhWP7XnECrNDKk="
    },
    "node-adodb": {
      "version": "https://registry.npmjs.org/node-adodb/-/node-adodb-4.0.7.tgz",
      "integrity": "sha1-m8IhQGHEDyOQGxSbcZqYnPAwxmA=",
      "requires": {
        "arch": "https://registry.npmjs.org/arch/-/arch-2.1.0.tgz",
        "debug": "https://registry.npmjs.org/debug/-/debug-3.1.0.tgz"
      },
      "dependencies": {
        "debug": {
          "version": "https://registry.npmjs.org/debug/-/debug-3.1.0.tgz",
          "integrity": "sha1-W7WgZyYotkFJVmuhaBnmFRjGcmE=",
          "requires": {
            "ms": "https://registry.npmjs.org/ms/-/ms-2.0.0.tgz"
          }
        }
      }
    },
    "node-cmd": {
      "version": "https://registry.npmjs.org/node-cmd/-/node-cmd-3.0.0.tgz",
      "integrity": "sha1-OP/3CkqqT2WdID61eGJzcBjiT28="
    },
    "node-run-cmd": {
      "version": "https://registry.npmjs.org/node-run-cmd/-/node-run-cmd-1.0.1.tgz",
      "integrity": "sha1-F1XBJiS9/5INj0UkLWZC4hSj1AA="
    },
    "normalize-path": {
      "version": "https://registry.npmjs.org/normalize-path/-/normalize-path-2.1.1.tgz",
      "integrity": "sha1-GrKLVW4Zg2Oowab35vogE3/mrtk=",
      "requires": {
        "remove-trailing-separator": "https://registry.npmjs.org/remove-trailing-separator/-/remove-trailing-separator-1.1.0.tgz"
      }
    },
    "object-assign": {
      "version": "https://registry.npmjs.org/object-assign/-/object-assign-4.1.1.tgz",
      "integrity": "sha1-IQmtx5ZYh8/AXLvUQsrIv7s2CGM="
    },
    "object-extended": {
      "version": "https://registry.npmjs.org/object-extended/-/object-extended-0.0.7.tgz",
      "integrity": "sha1-hP0j9WsVWCrrPoiwXLVdJDLWijM=",
      "requires": {
        "array-extended": "https://registry.npmjs.org/array-extended/-/array-extended-0.0.11.tgz",
        "extended": "https://registry.npmjs.org/extended/-/extended-0.0.6.tgz",
        "is-extended": "https://registry.npmjs.org/is-extended/-/is-extended-0.0.10.tgz"
      }
    },
    "on-finished": {
      "version": "https://registry.npmjs.org/on-finished/-/on-finished-2.3.0.tgz",
      "integrity": "sha1-IPEzZIGwg811M3mSoWlxqi2QaUc=",
      "requires": {
        "ee-first": "https://registry.npmjs.org/ee-first/-/ee-first-1.1.1.tgz"
      }
    },
    "once": {
      "version": "https://registry.npmjs.org/once/-/once-1.4.0.tgz",
      "integrity": "sha1-WDsap3WWHUsROsF9nFC6753Xa9E=",
      "requires": {
        "wrappy": "https://registry.npmjs.org/wrappy/-/wrappy-1.0.2.tgz"
      }
    },
    "over": {
      "version": "https://registry.npmjs.org/over/-/over-0.0.5.tgz",
      "integrity": "sha1-8phS5w/X4l82DgE6jsRMgq7bVwg="
    },
    "pako": {
      "version": "https://registry.npmjs.org/pako/-/pako-1.0.6.tgz",
      "integrity": "sha1-AQEhG6pwxLykoPY/Igbpe3368lg="
    },
    "parseurl": {
      "version": "https://registry.npmjs.org/parseurl/-/parseurl-1.3.2.tgz",
      "integrity": "sha1-/CidTtiZMRlGDBViUyYs3I3mW/M="
    },
    "path-is-absolute": {
      "version": "https://registry.npmjs.org/path-is-absolute/-/path-is-absolute-1.0.1.tgz",
      "integrity": "sha1-F0uSaHNVNP+8es5r9TpanhtcX18="
    },
    "path-to-regexp": {
      "version": "https://registry.npmjs.org/path-to-regexp/-/path-to-regexp-0.1.7.tgz",
      "integrity": "sha1-32BBeABfUi8V60SQ5yR6G/qmf4w="
    },
    "printj": {
      "version": "https://registry.npmjs.org/printj/-/printj-1.1.0.tgz",
      "integrity": "sha1-hUh7Xo+WdjsLSiU2E7753Zs4fjw="
    },
    "process-nextick-args": {
      "version": "https://registry.npmjs.org/process-nextick-args/-/process-nextick-args-1.0.7.tgz",
      "integrity": "sha1-FQ4gt1ZZCtP5EJPyWk8q2L/zC6M="
    },
    "promish": {
      "version": "https://registry.npmjs.org/promish/-/promish-5.0.2.tgz",
      "integrity": "sha1-JUaobHnZFAirQOnYbIiWPqTH6bg=",
      "requires": {
        "es6-promise": "https://registry.npmjs.org/es6-promise/-/es6-promise-3.0.2.tgz"
      }
    },
    "proxy-addr": {
      "version": "https://registry.npmjs.org/proxy-addr/-/proxy-addr-2.0.2.tgz",
      "integrity": "sha1-ZXFQT0e7mI7IGAJT+F3X4UlSvew=",
      "requires": {
        "forwarded": "https://registry.npmjs.org/forwarded/-/forwarded-0.1.2.tgz",
        "ipaddr.js": "https://registry.npmjs.org/ipaddr.js/-/ipaddr.js-1.5.2.tgz"
      }
    },
    "pullstream": {
      "version": "https://registry.npmjs.org/pullstream/-/pullstream-0.4.1.tgz",
      "integrity": "sha1-1vs79a7Wl+gxFQ6xACwlo/iuExQ=",
      "requires": {
        "over": "https://registry.npmjs.org/over/-/over-0.0.5.tgz",
        "readable-stream": "https://registry.npmjs.org/readable-stream/-/readable-stream-1.0.34.tgz",
        "setimmediate": "https://registry.npmjs.org/setimmediate/-/setimmediate-1.0.5.tgz",
        "slice-stream": "https://registry.npmjs.org/slice-stream/-/slice-stream-1.0.0.tgz"
      },
      "dependencies": {
        "isarray": {
          "version": "https://registry.npmjs.org/isarray/-/isarray-0.0.1.tgz",
          "integrity": "sha1-ihis/Kmo9Bd+Cav8YDiTmwXR7t8="
        },
        "readable-stream": {
          "version": "https://registry.npmjs.org/readable-stream/-/readable-stream-1.0.34.tgz",
          "integrity": "sha1-Elgg40vIQtLyqq+v5MKRbuMsFXw=",
          "requires": {
            "core-util-is": "https://registry.npmjs.org/core-util-is/-/core-util-is-1.0.2.tgz",
            "inherits": "https://registry.npmjs.org/inherits/-/inherits-2.0.3.tgz",
            "isarray": "https://registry.npmjs.org/isarray/-/isarray-0.0.1.tgz",
            "string_decoder": "https://registry.npmjs.org/string_decoder/-/string_decoder-0.10.31.tgz"
          }
        },
        "string_decoder": {
          "version": "https://registry.npmjs.org/string_decoder/-/string_decoder-0.10.31.tgz",
          "integrity": "sha1-YuIDvEF2bGwoyfyEMB2rHFMQ+pQ="
        }
      }
    },
    "qs": {
      "version": "https://registry.npmjs.org/qs/-/qs-6.5.1.tgz",
      "integrity": "sha1-NJzfbu+J7EXBLX1es/wMhwNDptg="
    },
    "range-parser": {
      "version": "https://registry.npmjs.org/range-parser/-/range-parser-1.2.0.tgz",
      "integrity": "sha1-9JvmtIeJTdxA3MlKMi9hEJLgDV4="
    },
    "raw-body": {
      "version": "https://registry.npmjs.org/raw-body/-/raw-body-2.3.2.tgz",
      "integrity": "sha1-vNYMd9Prk83gBQKVw/N5OJvIj4k=",
      "requires": {
        "bytes": "https://registry.npmjs.org/bytes/-/bytes-3.0.0.tgz",
        "http-errors": "https://registry.npmjs.org/http-errors/-/http-errors-1.6.2.tgz",
        "iconv-lite": "https://registry.npmjs.org/iconv-lite/-/iconv-lite-0.4.19.tgz",
        "unpipe": "https://registry.npmjs.org/unpipe/-/unpipe-1.0.0.tgz"
      }
    },
    "readable-stream": {
      "version": "https://registry.npmjs.org/readable-stream/-/readable-stream-2.3.3.tgz",
      "integrity": "sha1-No8lEtefnUb9/HE0mueHi7weuVw=",
      "requires": {
        "core-util-is": "https://registry.npmjs.org/core-util-is/-/core-util-is-1.0.2.tgz",
        "inherits": "https://registry.npmjs.org/inherits/-/inherits-2.0.3.tgz",
        "isarray": "https://registry.npmjs.org/isarray/-/isarray-1.0.0.tgz",
        "process-nextick-args": "https://registry.npmjs.org/process-nextick-args/-/process-nextick-args-1.0.7.tgz",
        "safe-buffer": "https://registry.npmjs.org/safe-buffer/-/safe-buffer-5.1.1.tgz",
        "string_decoder": "https://registry.npmjs.org/string_decoder/-/string_decoder-1.0.3.tgz",
        "util-deprecate": "https://registry.npmjs.org/util-deprecate/-/util-deprecate-1.0.2.tgz"
      }
    },
    "remove-trailing-separator": {
      "version": "https://registry.npmjs.org/remove-trailing-separator/-/remove-trailing-separator-1.1.0.tgz",
      "integrity": "sha1-wkvOKig62tW8P1jg1IJJuSN52O8="
    },
    "rimraf": {
      "version": "https://registry.npmjs.org/rimraf/-/rimraf-2.6.2.tgz",
      "integrity": "sha1-LtgVDSShbqhlHm1u8PR8QVjOejY=",
      "requires": {
        "glob": "https://registry.npmjs.org/glob/-/glob-7.1.2.tgz"
      }
    },
    "safe-buffer": {
      "version": "https://registry.npmjs.org/safe-buffer/-/safe-buffer-5.1.1.tgz",
      "integrity": "sha1-iTMSr2myEj3vcfV4iQAWce6yyFM="
    },
    "sax": {
      "version": "https://registry.npmjs.org/sax/-/sax-1.2.4.tgz",
      "integrity": "sha1-KBYjTiN4vdxOU1T6tcqold9xANk="
    },
    "send": {
      "version": "https://registry.npmjs.org/send/-/send-0.16.1.tgz",
      "integrity": "sha1-pw4coh0TgsEdDZ9iMd6ygQgNerM=",
      "requires": {
        "debug": "https://registry.npmjs.org/debug/-/debug-2.6.9.tgz",
        "depd": "https://registry.npmjs.org/depd/-/depd-1.1.2.tgz",
        "destroy": "https://registry.npmjs.org/destroy/-/destroy-1.0.4.tgz",
        "encodeurl": "https://registry.npmjs.org/encodeurl/-/encodeurl-1.0.1.tgz",
        "escape-html": "https://registry.npmjs.org/escape-html/-/escape-html-1.0.3.tgz",
        "etag": "https://registry.npmjs.org/etag/-/etag-1.8.1.tgz",
        "fresh": "https://registry.npmjs.org/fresh/-/fresh-0.5.2.tgz",
        "http-errors": "https://registry.npmjs.org/http-errors/-/http-errors-1.6.2.tgz",
        "mime": "https://registry.npmjs.org/mime/-/mime-1.4.1.tgz",
        "ms": "https://registry.npmjs.org/ms/-/ms-2.0.0.tgz",
        "on-finished": "https://registry.npmjs.org/on-finished/-/on-finished-2.3.0.tgz",
        "range-parser": "https://registry.npmjs.org/range-parser/-/range-parser-1.2.0.tgz",
        "statuses": "https://registry.npmjs.org/statuses/-/statuses-1.3.1.tgz"
      }
    },
    "serve-static": {
      "version": "https://registry.npmjs.org/serve-static/-/serve-static-1.13.1.tgz",
      "integrity": "sha1-TFfVNASnYdjy58HooYpH2/J4pxk=",
      "requires": {
        "encodeurl": "https://registry.npmjs.org/encodeurl/-/encodeurl-1.0.1.tgz",
        "escape-html": "https://registry.npmjs.org/escape-html/-/escape-html-1.0.3.tgz",
        "parseurl": "https://registry.npmjs.org/parseurl/-/parseurl-1.3.2.tgz",
        "send": "https://registry.npmjs.org/send/-/send-0.16.1.tgz"
      }
    },
    "setimmediate": {
      "version": "https://registry.npmjs.org/setimmediate/-/setimmediate-1.0.5.tgz",
      "integrity": "sha1-KQy7Iy4waULX1+qbg3Mqt4VvgoU="
    },
    "setprototypeof": {
      "version": "https://registry.npmjs.org/setprototypeof/-/setprototypeof-1.1.0.tgz",
      "integrity": "sha1-0L2FU2iHtv58DYGMuWLZ2RxU5lY="
    },
    "slice-stream": {
      "version": "https://registry.npmjs.org/slice-stream/-/slice-stream-1.0.0.tgz",
      "integrity": "sha1-WzO9ZvATsaf4ZGCwPUY97DmtPqA=",
      "requires": {
        "readable-stream": "https://registry.npmjs.org/readable-stream/-/readable-stream-1.0.34.tgz"
      },
      "dependencies": {
        "isarray": {
          "version": "https://registry.npmjs.org/isarray/-/isarray-0.0.1.tgz",
          "integrity": "sha1-ihis/Kmo9Bd+Cav8YDiTmwXR7t8="
        },
        "readable-stream": {
          "version": "https://registry.npmjs.org/readable-stream/-/readable-stream-1.0.34.tgz",
          "integrity": "sha1-Elgg40vIQtLyqq+v5MKRbuMsFXw=",
          "requires": {
            "core-util-is": "https://registry.npmjs.org/core-util-is/-/core-util-is-1.0.2.tgz",
            "inherits": "https://registry.npmjs.org/inherits/-/inherits-2.0.3.tgz",
            "isarray": "https://registry.npmjs.org/isarray/-/isarray-0.0.1.tgz",
            "string_decoder": "https://registry.npmjs.org/string_decoder/-/string_decoder-0.10.31.tgz"
          }
        },
        "string_decoder": {
          "version": "https://registry.npmjs.org/string_decoder/-/string_decoder-0.10.31.tgz",
          "integrity": "sha1-YuIDvEF2bGwoyfyEMB2rHFMQ+pQ="
        }
      }
    },
    "ssf": {
      "version": "https://registry.npmjs.org/ssf/-/ssf-0.10.1.tgz",
      "integrity": "sha1-8j2CtjeS71YIkInBzQyEjpEc26Y=",
      "requires": {
        "frac": "https://registry.npmjs.org/frac/-/frac-1.1.0.tgz"
      }
    },
    "statuses": {
      "version": "https://registry.npmjs.org/statuses/-/statuses-1.3.1.tgz",
      "integrity": "sha1-+vUbnrdKrvOzrPStX2Gr8ky3uT4="
    },
    "string-extended": {
      "version": "https://registry.npmjs.org/string-extended/-/string-extended-0.0.8.tgz",
      "integrity": "sha1-dBlX3/SHsCcqee7FpE8jnubxfM0=",
      "requires": {
        "array-extended": "https://registry.npmjs.org/array-extended/-/array-extended-0.0.11.tgz",
        "date-extended": "https://registry.npmjs.org/date-extended/-/date-extended-0.0.6.tgz",
        "extended": "https://registry.npmjs.org/extended/-/extended-0.0.6.tgz",
        "is-extended": "https://registry.npmjs.org/is-extended/-/is-extended-0.0.10.tgz"
      }
    },
    "string_decoder": {
      "version": "https://registry.npmjs.org/string_decoder/-/string_decoder-1.0.3.tgz",
      "integrity": "sha1-D8Z9fBQYJd6UKC3VNr7GubzoYKs=",
      "requires": {
        "safe-buffer": "https://registry.npmjs.org/safe-buffer/-/safe-buffer-5.1.1.tgz"
      }
    },
    "tar-stream": {
      "version": "https://registry.npmjs.org/tar-stream/-/tar-stream-1.5.5.tgz",
      "integrity": "sha1-XK2Ed59FyDsfJQjZawnYjHIYr1U=",
      "requires": {
        "bl": "https://registry.npmjs.org/bl/-/bl-1.2.1.tgz",
        "end-of-stream": "https://registry.npmjs.org/end-of-stream/-/end-of-stream-1.4.1.tgz",
        "readable-stream": "https://registry.npmjs.org/readable-stream/-/readable-stream-2.3.3.tgz",
        "xtend": "https://registry.npmjs.org/xtend/-/xtend-4.0.1.tgz"
      }
    },
    "traverse": {
      "version": "https://registry.npmjs.org/traverse/-/traverse-0.3.9.tgz",
      "integrity": "sha1-cXuPIgzAu3tE5AUUwisui7xw2Lk="
    },
    "type-is": {
      "version": "https://registry.npmjs.org/type-is/-/type-is-1.6.15.tgz",
      "integrity": "sha1-yrEPtJCeRByChC6v4a1kbIGARBA=",
      "requires": {
        "media-typer": "https://registry.npmjs.org/media-typer/-/media-typer-0.3.0.tgz",
        "mime-types": "https://registry.npmjs.org/mime-types/-/mime-types-2.1.17.tgz"
      }
    },
    "unpipe": {
      "version": "https://registry.npmjs.org/unpipe/-/unpipe-1.0.0.tgz",
      "integrity": "sha1-sr9O6FFKrmFltIF4KdIbLvSZBOw="
    },
    "unzip2": {
      "version": "https://registry.npmjs.org/unzip2/-/unzip2-0.2.5.tgz",
      "integrity": "sha1-TveleaeMFcUfVQ9qBT2xlBSciZI=",
      "requires": {
        "binary": "https://registry.npmjs.org/binary/-/binary-0.3.0.tgz",
        "fstream": "https://registry.npmjs.org/fstream/-/fstream-0.1.31.tgz",
        "match-stream": "https://registry.npmjs.org/match-stream/-/match-stream-0.0.2.tgz",
        "pullstream": "https://registry.npmjs.org/pullstream/-/pullstream-0.4.1.tgz",
        "readable-stream": "https://registry.npmjs.org/readable-stream/-/readable-stream-1.0.34.tgz",
        "setimmediate": "https://registry.npmjs.org/setimmediate/-/setimmediate-1.0.5.tgz"
      },
      "dependencies": {
        "isarray": {
          "version": "https://registry.npmjs.org/isarray/-/isarray-0.0.1.tgz",
          "integrity": "sha1-ihis/Kmo9Bd+Cav8YDiTmwXR7t8="
        },
        "readable-stream": {
          "version": "https://registry.npmjs.org/readable-stream/-/readable-stream-1.0.34.tgz",
          "integrity": "sha1-Elgg40vIQtLyqq+v5MKRbuMsFXw=",
          "requires": {
            "core-util-is": "https://registry.npmjs.org/core-util-is/-/core-util-is-1.0.2.tgz",
            "inherits": "https://registry.npmjs.org/inherits/-/inherits-2.0.3.tgz",
            "isarray": "https://registry.npmjs.org/isarray/-/isarray-0.0.1.tgz",
            "string_decoder": "https://registry.npmjs.org/string_decoder/-/string_decoder-0.10.31.tgz"
          }
        },
        "string_decoder": {
          "version": "https://registry.npmjs.org/string_decoder/-/string_decoder-0.10.31.tgz",
          "integrity": "sha1-YuIDvEF2bGwoyfyEMB2rHFMQ+pQ="
        }
      }
    },
    "util-deprecate": {
      "version": "https://registry.npmjs.org/util-deprecate/-/util-deprecate-1.0.2.tgz",
      "integrity": "sha1-RQ1Nyfpw3nMnYvvS1KKJgUGaDM8="
    },
    "utils-merge": {
      "version": "https://registry.npmjs.org/utils-merge/-/utils-merge-1.0.1.tgz",
      "integrity": "sha1-n5VxD1CiZ5R7LMwSR0HBAoQn5xM="
    },
    "vary": {
      "version": "https://registry.npmjs.org/vary/-/vary-1.1.2.tgz",
      "integrity": "sha1-IpnwLG3tMNSllhsLn3RSShj2NPw="
    },
    "voc": {
      "version": "https://registry.npmjs.org/voc/-/voc-1.0.0.tgz",
      "integrity": "sha1-VGXAzhHQiB99jjbYylhwQ/M6Ja4="
    },
    "walkdir": {
      "version": "https://registry.npmjs.org/walkdir/-/walkdir-0.0.11.tgz",
      "integrity": "sha1-oW0CXrkxvQO1LzCMrtD0D86+lTI="
    },
    "wrappy": {
      "version": "https://registry.npmjs.org/wrappy/-/wrappy-1.0.2.tgz",
      "integrity": "sha1-tSQ9jz7BqjXxNkYFvA0QNuMKtp8="
    },
    "xlsx": {
      "version": "https://registry.npmjs.org/xlsx/-/xlsx-0.11.17.tgz",
      "integrity": "sha1-UHRh+5eDrQr+HPdRrrWZVukyMto=",
      "requires": {
        "adler-32": "https://registry.npmjs.org/adler-32/-/adler-32-1.1.0.tgz",
        "cfb": "https://registry.npmjs.org/cfb/-/cfb-1.0.1.tgz",
        "codepage": "https://registry.npmjs.org/codepage/-/codepage-1.11.1.tgz",
        "commander": "https://registry.npmjs.org/commander/-/commander-2.11.0.tgz",
        "crc-32": "https://registry.npmjs.org/crc-32/-/crc-32-1.1.1.tgz",
        "exit-on-epipe": "https://registry.npmjs.org/exit-on-epipe/-/exit-on-epipe-1.0.1.tgz",
        "ssf": "https://registry.npmjs.org/ssf/-/ssf-0.10.1.tgz"
      }
    },
    "xml-writer": {
      "version": "https://registry.npmjs.org/xml-writer/-/xml-writer-1.7.0.tgz",
      "integrity": "sha1-t28dWRwWomNOvbcDx729D9aBkGU="
    },
    "xmlbuilder": {
      "version": "https://registry.npmjs.org/xmlbuilder/-/xmlbuilder-9.0.4.tgz",
      "integrity": "sha1-UZy0ymhtAFqEINNJbz8MruzKWA8="
    },
    "xtend": {
      "version": "https://registry.npmjs.org/xtend/-/xtend-4.0.1.tgz",
      "integrity": "sha1-pcbVMr5lbiPbgg77lDofBJmNY68="
    },
    "zip-stream": {
      "version": "https://registry.npmjs.org/zip-stream/-/zip-stream-1.2.0.tgz",
      "integrity": "sha1-qLxF9MG0lpnGuQGYuqyqzbzUugQ=",
      "requires": {
        "archiver-utils": "https://registry.npmjs.org/archiver-utils/-/archiver-utils-1.3.0.tgz",
        "compress-commons": "https://registry.npmjs.org/compress-commons/-/compress-commons-1.2.2.tgz",
        "lodash": "https://registry.npmjs.org/lodash/-/lodash-4.17.4.tgz",
        "readable-stream": "https://registry.npmjs.org/readable-stream/-/readable-stream-2.3.3.tgz"
      }
    }
  }
}
